// !$*UTF8*$!
{
	archiveVersion = 1;
	classes = {
	};
	objectVersion = 77;
	objects = {

/* Begin PBXBuildFile section */
		D98010EF2D3669200037A0DD /* Lisu.appex in Embed Foundation Extensions */ = {isa = PBXBuildFile; fileRef = D98010E82D36691F0037A0DD /* Lisu.appex */; settings = {ATTRIBUTES = (RemoveHeadersOnCopy, ); }; };
/* End PBXBuildFile section */

/* Begin PBXContainerItemProxy section */
		D98010C82D3669040037A0DD /* PBXContainerItemProxy */ = {
			isa = PBXContainerItemProxy;
			containerPortal = D98010AF2D3669010037A0DD /* Project object */;
			proxyType = 1;
			remoteGlobalIDString = D98010B62D3669010037A0DD;
			remoteInfo = "Lisu Keyboard";
		};
		D98010D22D3669040037A0DD /* PBXContainerItemProxy */ = {
			isa = PBXContainerItemProxy;
			containerPortal = D98010AF2D3669010037A0DD /* Project object */;
			proxyType = 1;
			remoteGlobalIDString = D98010B62D3669010037A0DD;
			remoteInfo = "Lisu Keyboard";
		};
		D98010ED2D3669200037A0DD /* PBXContainerItemProxy */ = {
			isa = PBXContainerItemProxy;
			containerPortal = D98010AF2D3669010037A0DD /* Project object */;
			proxyType = 1;
			remoteGlobalIDString = D98010E72D36691F0037A0DD;
			remoteInfo = Lisu;
		};
/* End PBXContainerItemProxy section */

/* Begin PBXCopyFilesBuildPhase section */
		D98010F42D3669200037A0DD /* Embed Foundation Extensions */ = {
			isa = PBXCopyFilesBuildPhase;
			buildActionMask = 2147483647;
			dstPath = "";
			dstSubfolderSpec = 13;
			files = (
				D98010EF2D3669200037A0DD /* Lisu.appex in Embed Foundation Extensions */,
			);
			name = "Embed Foundation Extensions";
			runOnlyForDeploymentPostprocessing = 0;
		};
/* End PBXCopyFilesBuildPhase section */

/* Begin PBXFileReference section */
		D98010B72D3669010037A0DD /* Lisu Keyboard.app */ = {isa = PBXFileReference; explicitFileType = wrapper.application; includeInIndex = 0; path = "Lisu Keyboard.app"; sourceTree = BUILT_PRODUCTS_DIR; };
		D98010C72D3669040037A0DD /* Lisu KeyboardTests.xctest */ = {isa = PBXFileReference; explicitFileType = wrapper.cfbundle; includeInIndex = 0; path = "Lisu KeyboardTests.xctest"; sourceTree = BUILT_PRODUCTS_DIR; };
		D98010D12D3669040037A0DD /* Lisu KeyboardUITests.xctest */ = {isa = PBXFileReference; explicitFileType = wrapper.cfbundle; includeInIndex = 0; path = "Lisu KeyboardUITests.xctest"; sourceTree = BUILT_PRODUCTS_DIR; };
		D98010E82D36691F0037A0DD /* Lisu.appex */ = {isa = PBXFileReference; explicitFileType = "wrapper.app-extension"; includeInIndex = 0; path = Lisu.appex; sourceTree = BUILT_PRODUCTS_DIR; };
/* End PBXFileReference section */

/* Begin PBXFileSystemSynchronizedBuildFileExceptionSet section */
		D98010F02D3669200037A0DD /* Exceptions for "Lisu" folder in "Lisu" target */ = {
			isa = PBXFileSystemSynchronizedBuildFileExceptionSet;
			membershipExceptions = (
				Info.plist,
			);
			target = D98010E72D36691F0037A0DD /* Lisu */;
		};
/* End PBXFileSystemSynchronizedBuildFileExceptionSet section */

/* Begin PBXFileSystemSynchronizedRootGroup section */
		D98010B92D3669010037A0DD /* Lisu Keyboard */ = {
			isa = PBXFileSystemSynchronizedRootGroup;
			path = "Lisu Keyboard";
			sourceTree = "<group>";
		};
		D98010CA2D3669040037A0DD /* Lisu KeyboardTests */ = {
			isa = PBXFileSystemSynchronizedRootGroup;
			path = "Lisu KeyboardTests";
			sourceTree = "<group>";
		};
		D98010D42D3669040037A0DD /* Lisu KeyboardUITests */ = {
			isa = PBXFileSystemSynchronizedRootGroup;
			path = "Lisu KeyboardUITests";
			sourceTree = "<group>";
		};
		D98010E92D3669200037A0DD /* Lisu */ = {
			isa = PBXFileSystemSynchronizedRootGroup;
			exceptions = (
				D98010F02D3669200037A0DD /* Exceptions for "Lisu" folder in "Lisu" target */,
			);
			path = Lisu;
			sourceTree = "<group>";
		};
		D980110F2D366AE00037A0DD /* Shared */ = {
			isa = PBXFileSystemSynchronizedRootGroup;
			path = Shared;
			sourceTree = "<group>";
		};
/* End PBXFileSystemSynchronizedRootGroup section */

/* Begin PBXFrameworksBuildPhase section */
		D98010B42D3669010037A0DD /* Frameworks */ = {
			isa = PBXFrameworksBuildPhase;
			buildActionMask = 2147483647;
			files = (
			);
			runOnlyForDeploymentPostprocessing = 0;
		};
		D98010C42D3669040037A0DD /* Frameworks */ = {
			isa = PBXFrameworksBuildPhase;
			buildActionMask = 2147483647;
			files = (
			);
			runOnlyForDeploymentPostprocessing = 0;
		};
		D98010CE2D3669040037A0DD /* Frameworks */ = {
			isa = PBXFrameworksBuildPhase;
			buildActionMask = 2147483647;
			files = (
			);
			runOnlyForDeploymentPostprocessing = 0;
		};
		D98010E52D36691F0037A0DD /* Frameworks */ = {
			isa = PBXFrameworksBuildPhase;
			buildActionMask = 2147483647;
			files = (
			);
			runOnlyForDeploymentPostprocessing = 0;
		};
/* End PBXFrameworksBuildPhase section */

/* Begin PBXGroup section */
		D98010AE2D3669010037A0DD = {
			isa = PBXGroup;
			children = (
				D980110F2D366AE00037A0DD /* Shared */,
				D98010B92D3669010037A0DD /* Lisu Keyboard */,
				D98010CA2D3669040037A0DD /* Lisu KeyboardTests */,
				D98010D42D3669040037A0DD /* Lisu KeyboardUITests */,
				D98010E92D3669200037A0DD /* Lisu */,
				D98010B82D3669010037A0DD /* Products */,
			);
			sourceTree = "<group>";
		};
		D98010B82D3669010037A0DD /* Products */ = {
			isa = PBXGroup;
			children = (
				D98010B72D3669010037A0DD /* Lisu Keyboard.app */,
				D98010C72D3669040037A0DD /* Lisu KeyboardTests.xctest */,
				D98010D12D3669040037A0DD /* Lisu KeyboardUITests.xctest */,
				D98010E82D36691F0037A0DD /* Lisu.appex */,
			);
			name = Products;
			sourceTree = "<group>";
		};
/* End PBXGroup section */

/* Begin PBXNativeTarget section */
		D98010B62D3669010037A0DD /* Lisu Keyboard */ = {
			isa = PBXNativeTarget;
			buildConfigurationList = D98010DB2D3669040037A0DD /* Build configuration list for PBXNativeTarget "Lisu Keyboard" */;
			buildPhases = (
				D98010B32D3669010037A0DD /* Sources */,
				D98010B42D3669010037A0DD /* Frameworks */,
				D98010B52D3669010037A0DD /* Resources */,
				D98010F42D3669200037A0DD /* Embed Foundation Extensions */,
			);
			buildRules = (
			);
			dependencies = (
				D98010EE2D3669200037A0DD /* PBXTargetDependency */,
			);
			fileSystemSynchronizedGroups = (
				D98010B92D3669010037A0DD /* Lisu Keyboard */,
			);
			name = "Lisu Keyboard";
			packageProductDependencies = (
			);
			productName = "Lisu Keyboard";
			productReference = D98010B72D3669010037A0DD /* Lisu Keyboard.app */;
			productType = "com.apple.product-type.application";
		};
		D98010C62D3669040037A0DD /* Lisu KeyboardTests */ = {
			isa = PBXNativeTarget;
			buildConfigurationList = D98010DE2D3669040037A0DD /* Build configuration list for PBXNativeTarget "Lisu KeyboardTests" */;
			buildPhases = (
				D98010C32D3669040037A0DD /* Sources */,
				D98010C42D3669040037A0DD /* Frameworks */,
				D98010C52D3669040037A0DD /* Resources */,
			);
			buildRules = (
			);
			dependencies = (
				D98010C92D3669040037A0DD /* PBXTargetDependency */,
			);
			fileSystemSynchronizedGroups = (
				D98010CA2D3669040037A0DD /* Lisu KeyboardTests */,
			);
			name = "Lisu KeyboardTests";
			packageProductDependencies = (
			);
			productName = "Lisu KeyboardTests";
			productReference = D98010C72D3669040037A0DD /* Lisu KeyboardTests.xctest */;
			productType = "com.apple.product-type.bundle.unit-test";
		};
		D98010D02D3669040037A0DD /* Lisu KeyboardUITests */ = {
			isa = PBXNativeTarget;
			buildConfigurationList = D98010E12D3669040037A0DD /* Build configuration list for PBXNativeTarget "Lisu KeyboardUITests" */;
			buildPhases = (
				D98010CD2D3669040037A0DD /* Sources */,
				D98010CE2D3669040037A0DD /* Frameworks */,
				D98010CF2D3669040037A0DD /* Resources */,
			);
			buildRules = (
			);
			dependencies = (
				D98010D32D3669040037A0DD /* PBXTargetDependency */,
			);
			fileSystemSynchronizedGroups = (
				D98010D42D3669040037A0DD /* Lisu KeyboardUITests */,
			);
			name = "Lisu KeyboardUITests";
			packageProductDependencies = (
			);
			productName = "Lisu KeyboardUITests";
			productReference = D98010D12D3669040037A0DD /* Lisu KeyboardUITests.xctest */;
			productType = "com.apple.product-type.bundle.ui-testing";
		};
		D98010E72D36691F0037A0DD /* Lisu */ = {
			isa = PBXNativeTarget;
			buildConfigurationList = D98010F12D3669200037A0DD /* Build configuration list for PBXNativeTarget "Lisu" */;
			buildPhases = (
				D98010E42D36691F0037A0DD /* Sources */,
				D98010E52D36691F0037A0DD /* Frameworks */,
				D98010E62D36691F0037A0DD /* Resources */,
			);
			buildRules = (
			);
			dependencies = (
			);
			fileSystemSynchronizedGroups = (
				D98010E92D3669200037A0DD /* Lisu */,
				D980110F2D366AE00037A0DD /* Shared */,
			);
			name = Lisu;
			packageProductDependencies = (
			);
			productName = Lisu;
			productReference = D98010E82D36691F0037A0DD /* Lisu.appex */;
			productType = "com.apple.product-type.app-extension";
		};
/* End PBXNativeTarget section */

/* Begin PBXProject section */
		D98010AF2D3669010037A0DD /* Project object */ = {
			isa = PBXProject;
			attributes = {
				BuildIndependentTargetsInParallel = 1;
				LastSwiftUpdateCheck = 1620;
				LastUpgradeCheck = 1620;
				TargetAttributes = {
					D98010B62D3669010037A0DD = {
						CreatedOnToolsVersion = 16.2;
					};
					D98010C62D3669040037A0DD = {
						CreatedOnToolsVersion = 16.2;
						TestTargetID = D98010B62D3669010037A0DD;
					};
					D98010D02D3669040037A0DD = {
						CreatedOnToolsVersion = 16.2;
						TestTargetID = D98010B62D3669010037A0DD;
					};
					D98010E72D36691F0037A0DD = {
						CreatedOnToolsVersion = 16.2;
					};
				};
			};
			buildConfigurationList = D98010B22D3669010037A0DD /* Build configuration list for PBXProject "Lisu Keyboard" */;
			developmentRegion = en;
			hasScannedForEncodings = 0;
			knownRegions = (
				en,
				Base,
			);
			mainGroup = D98010AE2D3669010037A0DD;
			minimizedProjectReferenceProxies = 1;
			preferredProjectObjectVersion = 77;
			productRefGroup = D98010B82D3669010037A0DD /* Products */;
			projectDirPath = "";
			projectRoot = "";
			targets = (
				D98010B62D3669010037A0DD /* Lisu Keyboard */,
				D98010C62D3669040037A0DD /* Lisu KeyboardTests */,
				D98010D02D3669040037A0DD /* Lisu KeyboardUITests */,
				D98010E72D36691F0037A0DD /* Lisu */,
			);
		};
/* End PBXProject section */

/* Begin PBXResourcesBuildPhase section */
		D98010B52D3669010037A0DD /* Resources */ = {
			isa = PBXResourcesBuildPhase;
			buildActionMask = 2147483647;
			files = (
			);
			runOnlyForDeploymentPostprocessing = 0;
		};
		D98010C52D3669040037A0DD /* Resources */ = {
			isa = PBXResourcesBuildPhase;
			buildActionMask = 2147483647;
			files = (
			);
			runOnlyForDeploymentPostprocessing = 0;
		};
		D98010CF2D3669040037A0DD /* Resources */ = {
			isa = PBXResourcesBuildPhase;
			buildActionMask = 2147483647;
			files = (
			);
			runOnlyForDeploymentPostprocessing = 0;
		};
		D98010E62D36691F0037A0DD /* Resources */ = {
			isa = PBXResourcesBuildPhase;
			buildActionMask = 2147483647;
			files = (
			);
			runOnlyForDeploymentPostprocessing = 0;
		};
/* End PBXResourcesBuildPhase section */

/* Begin PBXSourcesBuildPhase section */
		D98010B32D3669010037A0DD /* Sources */ = {
			isa = PBXSourcesBuildPhase;
			buildActionMask = 2147483647;
			files = (
			);
			runOnlyForDeploymentPostprocessing = 0;
		};
		D98010C32D3669040037A0DD /* Sources */ = {
			isa = PBXSourcesBuildPhase;
			buildActionMask = 2147483647;
			files = (
			);
			runOnlyForDeploymentPostprocessing = 0;
		};
		D98010CD2D3669040037A0DD /* Sources */ = {
			isa = PBXSourcesBuildPhase;
			buildActionMask = 2147483647;
			files = (
			);
			runOnlyForDeploymentPostprocessing = 0;
		};
		D98010E42D36691F0037A0DD /* Sources */ = {
			isa = PBXSourcesBuildPhase;
			buildActionMask = 2147483647;
			files = (
			);
			runOnlyForDeploymentPostprocessing = 0;
		};
/* End PBXSourcesBuildPhase section */

/* Begin PBXTargetDependency section */
		D98010C92D3669040037A0DD /* PBXTargetDependency */ = {
			isa = PBXTargetDependency;
			target = D98010B62D3669010037A0DD /* Lisu Keyboard */;
			targetProxy = D98010C82D3669040037A0DD /* PBXContainerItemProxy */;
		};
		D98010D32D3669040037A0DD /* PBXTargetDependency */ = {
			isa = PBXTargetDependency;
			target = D98010B62D3669010037A0DD /* Lisu Keyboard */;
			targetProxy = D98010D22D3669040037A0DD /* PBXContainerItemProxy */;
		};
		D98010EE2D3669200037A0DD /* PBXTargetDependency */ = {
			isa = PBXTargetDependency;
			target = D98010E72D36691F0037A0DD /* Lisu */;
			targetProxy = D98010ED2D3669200037A0DD /* PBXContainerItemProxy */;
		};
/* End PBXTargetDependency section */

/* Begin XCBuildConfiguration section */
		D98010D92D3669040037A0DD /* Debug */ = {
			isa = XCBuildConfiguration;
			buildSettings = {
				ALWAYS_SEARCH_USER_PATHS = NO;
				ASSETCATALOG_COMPILER_GENERATE_SWIFT_ASSET_SYMBOL_EXTENSIONS = YES;
				CLANG_ANALYZER_NONNULL = YES;
				CLANG_ANALYZER_NUMBER_OBJECT_CONVERSION = YES_AGGRESSIVE;
				CLANG_CXX_LANGUAGE_STANDARD = "gnu++20";
				CLANG_ENABLE_MODULES = YES;
				CLANG_ENABLE_OBJC_ARC = YES;
				CLANG_ENABLE_OBJC_WEAK = YES;
				CLANG_WARN_BLOCK_CAPTURE_AUTORELEASING = YES;
				CLANG_WARN_BOOL_CONVERSION = YES;
				CLANG_WARN_COMMA = YES;
				CLANG_WARN_CONSTANT_CONVERSION = YES;
				CLANG_WARN_DEPRECATED_OBJC_IMPLEMENTATIONS = YES;
				CLANG_WARN_DIRECT_OBJC_ISA_USAGE = YES_ERROR;
				CLANG_WARN_DOCUMENTATION_COMMENTS = YES;
				CLANG_WARN_EMPTY_BODY = YES;
				CLANG_WARN_ENUM_CONVERSION = YES;
				CLANG_WARN_INFINITE_RECURSION = YES;
				CLANG_WARN_INT_CONVERSION = YES;
				CLANG_WARN_NON_LITERAL_NULL_CONVERSION = YES;
				CLANG_WARN_OBJC_IMPLICIT_RETAIN_SELF = YES;
				CLANG_WARN_OBJC_LITERAL_CONVERSION = YES;
				CLANG_WARN_OBJC_ROOT_CLASS = YES_ERROR;
				CLANG_WARN_QUOTED_INCLUDE_IN_FRAMEWORK_HEADER = YES;
				CLANG_WARN_RANGE_LOOP_ANALYSIS = YES;
				CLANG_WARN_STRICT_PROTOTYPES = YES;
				CLANG_WARN_SUSPICIOUS_MOVE = YES;
				CLANG_WARN_UNGUARDED_AVAILABILITY = YES_AGGRESSIVE;
				CLANG_WARN_UNREACHABLE_CODE = YES;
				CLANG_WARN__DUPLICATE_METHOD_MATCH = YES;
				COPY_PHASE_STRIP = NO;
				DEBUG_INFORMATION_FORMAT = dwarf;
				ENABLE_STRICT_OBJC_MSGSEND = YES;
				ENABLE_TESTABILITY = YES;
				ENABLE_USER_SCRIPT_SANDBOXING = YES;
				GCC_C_LANGUAGE_STANDARD = gnu17;
				GCC_DYNAMIC_NO_PIC = NO;
				GCC_NO_COMMON_BLOCKS = YES;
				GCC_OPTIMIZATION_LEVEL = 0;
				GCC_PREPROCESSOR_DEFINITIONS = (
					"DEBUG=1",
					"$(inherited)",
				);
				GCC_WARN_64_TO_32_BIT_CONVERSION = YES;
				GCC_WARN_ABOUT_RETURN_TYPE = YES_ERROR;
				GCC_WARN_UNDECLARED_SELECTOR = YES;
				GCC_WARN_UNINITIALIZED_AUTOS = YES_AGGRESSIVE;
				GCC_WARN_UNUSED_FUNCTION = YES;
				GCC_WARN_UNUSED_VARIABLE = YES;
				IPHONEOS_DEPLOYMENT_TARGET = 18.2;
				LOCALIZATION_PREFERS_STRING_CATALOGS = YES;
				MTL_ENABLE_DEBUG_INFO = INCLUDE_SOURCE;
				MTL_FAST_MATH = YES;
				ONLY_ACTIVE_ARCH = YES;
				SDKROOT = iphoneos;
				SWIFT_ACTIVE_COMPILATION_CONDITIONS = "DEBUG $(inherited)";
				SWIFT_OPTIMIZATION_LEVEL = "-Onone";
			};
			name = Debug;
		};
		D98010DA2D3669040037A0DD /* Release */ = {
			isa = XCBuildConfiguration;
			buildSettings = {
				ALWAYS_SEARCH_USER_PATHS = NO;
				ASSETCATALOG_COMPILER_GENERATE_SWIFT_ASSET_SYMBOL_EXTENSIONS = YES;
				CLANG_ANALYZER_NONNULL = YES;
				CLANG_ANALYZER_NUMBER_OBJECT_CONVERSION = YES_AGGRESSIVE;
				CLANG_CXX_LANGUAGE_STANDARD = "gnu++20";
				CLANG_ENABLE_MODULES = YES;
				CLANG_ENABLE_OBJC_ARC = YES;
				CLANG_ENABLE_OBJC_WEAK = YES;
				CLANG_WARN_BLOCK_CAPTURE_AUTORELEASING = YES;
				CLANG_WARN_BOOL_CONVERSION = YES;
				CLANG_WARN_COMMA = YES;
				CLANG_WARN_CONSTANT_CONVERSION = YES;
				CLANG_WARN_DEPRECATED_OBJC_IMPLEMENTATIONS = YES;
				CLANG_WARN_DIRECT_OBJC_ISA_USAGE = YES_ERROR;
				CLANG_WARN_DOCUMENTATION_COMMENTS = YES;
				CLANG_WARN_EMPTY_BODY = YES;
				CLANG_WARN_ENUM_CONVERSION = YES;
				CLANG_WARN_INFINITE_RECURSION = YES;
				CLANG_WARN_INT_CONVERSION = YES;
				CLANG_WARN_NON_LITERAL_NULL_CONVERSION = YES;
				CLANG_WARN_OBJC_IMPLICIT_RETAIN_SELF = YES;
				CLANG_WARN_OBJC_LITERAL_CONVERSION = YES;
				CLANG_WARN_OBJC_ROOT_CLASS = YES_ERROR;
				CLANG_WARN_QUOTED_INCLUDE_IN_FRAMEWORK_HEADER = YES;
				CLANG_WARN_RANGE_LOOP_ANALYSIS = YES;
				CLANG_WARN_STRICT_PROTOTYPES = YES;
				CLANG_WARN_SUSPICIOUS_MOVE = YES;
				CLANG_WARN_UNGUARDED_AVAILABILITY = YES_AGGRESSIVE;
				CLANG_WARN_UNREACHABLE_CODE = YES;
				CLANG_WARN__DUPLICATE_METHOD_MATCH = YES;
				COPY_PHASE_STRIP = NO;
				DEBUG_INFORMATION_FORMAT = "dwarf-with-dsym";
				ENABLE_NS_ASSERTIONS = NO;
				ENABLE_STRICT_OBJC_MSGSEND = YES;
				ENABLE_USER_SCRIPT_SANDBOXING = YES;
				GCC_C_LANGUAGE_STANDARD = gnu17;
				GCC_NO_COMMON_BLOCKS = YES;
				GCC_WARN_64_TO_32_BIT_CONVERSION = YES;
				GCC_WARN_ABOUT_RETURN_TYPE = YES_ERROR;
				GCC_WARN_UNDECLARED_SELECTOR = YES;
				GCC_WARN_UNINITIALIZED_AUTOS = YES_AGGRESSIVE;
				GCC_WARN_UNUSED_FUNCTION = YES;
				GCC_WARN_UNUSED_VARIABLE = YES;
				IPHONEOS_DEPLOYMENT_TARGET = 18.2;
				LOCALIZATION_PREFERS_STRING_CATALOGS = YES;
				MTL_ENABLE_DEBUG_INFO = NO;
				MTL_FAST_MATH = YES;
				SDKROOT = iphoneos;
				SWIFT_COMPILATION_MODE = wholemodule;
				VALIDATE_PRODUCT = YES;
			};
			name = Release;
		};
		D98010DC2D3669040037A0DD /* Debug */ = {
			isa = XCBuildConfiguration;
			buildSettings = {
				ASSETCATALOG_COMPILER_APPICON_NAME = AppIcon;
				ASSETCATALOG_COMPILER_GLOBAL_ACCENT_COLOR_NAME = AccentColor;
				CODE_SIGN_ENTITLEMENTS = "Lisu Keyboard/Lisu Keyboard.entitlements";
				CODE_SIGN_STYLE = Automatic;
				CURRENT_PROJECT_VERSION = 5;
				DEVELOPMENT_ASSET_PATHS = "\"Lisu Keyboard/Preview Content\"";
				DEVELOPMENT_TEAM = B88283P8VG;
				ENABLE_PREVIEWS = YES;
				GENERATE_INFOPLIST_FILE = YES;
				INFOPLIST_KEY_CFBundleDisplayName = "Lisu Keyboard";
				INFOPLIST_KEY_LSApplicationCategoryType = "public.app-category.utilities";
				INFOPLIST_KEY_UIApplicationSceneManifest_Generation = YES;
				INFOPLIST_KEY_UIApplicationSupportsIndirectInputEvents = YES;
				INFOPLIST_KEY_UILaunchScreen_Generation = YES;
				INFOPLIST_KEY_UISupportedInterfaceOrientations_iPad = "UIInterfaceOrientationPortrait UIInterfaceOrientationPortraitUpsideDown UIInterfaceOrientationLandscapeLeft UIInterfaceOrientationLandscapeRight";
				INFOPLIST_KEY_UISupportedInterfaceOrientations_iPhone = "UIInterfaceOrientationPortrait UIInterfaceOrientationLandscapeLeft UIInterfaceOrientationLandscapeRight";
				LD_RUNPATH_SEARCH_PATHS = (
					"$(inherited)",
					"@executable_path/Frameworks",
				);
				MARKETING_VERSION = 1.0.0;
				PRODUCT_BUNDLE_IDENTIFIER = "co.codibyte.Lisu-Keyboard";
				PRODUCT_NAME = "$(TARGET_NAME)";
				SWIFT_EMIT_LOC_STRINGS = YES;
				SWIFT_VERSION = 5.0;
				TARGETED_DEVICE_FAMILY = "1,2";
			};
			name = Debug;
		};
		D98010DD2D3669040037A0DD /* Release */ = {
			isa = XCBuildConfiguration;
			buildSettings = {
				ASSETCATALOG_COMPILER_APPICON_NAME = AppIcon;
				ASSETCATALOG_COMPILER_GLOBAL_ACCENT_COLOR_NAME = AccentColor;
				CODE_SIGN_ENTITLEMENTS = "Lisu Keyboard/Lisu Keyboard.entitlements";
				CODE_SIGN_STYLE = Automatic;
				CURRENT_PROJECT_VERSION = 5;
				DEVELOPMENT_ASSET_PATHS = "\"Lisu Keyboard/Preview Content\"";
				DEVELOPMENT_TEAM = B88283P8VG;
				ENABLE_PREVIEWS = YES;
				GENERATE_INFOPLIST_FILE = YES;
				INFOPLIST_KEY_CFBundleDisplayName = "Lisu Keyboard";
				INFOPLIST_KEY_LSApplicationCategoryType = "public.app-category.utilities";
				INFOPLIST_KEY_UIApplicationSceneManifest_Generation = YES;
				INFOPLIST_KEY_UIApplicationSupportsIndirectInputEvents = YES;
				INFOPLIST_KEY_UILaunchScreen_Generation = YES;
				INFOPLIST_KEY_UISupportedInterfaceOrientations_iPad = "UIInterfaceOrientationPortrait UIInterfaceOrientationPortraitUpsideDown UIInterfaceOrientationLandscapeLeft UIInterfaceOrientationLandscapeRight";
				INFOPLIST_KEY_UISupportedInterfaceOrientations_iPhone = "UIInterfaceOrientationPortrait UIInterfaceOrientationLandscapeLeft UIInterfaceOrientationLandscapeRight";
				LD_RUNPATH_SEARCH_PATHS = (
					"$(inherited)",
					"@executable_path/Frameworks",
				);
				MARKETING_VERSION = 1.0.0;
				PRODUCT_BUNDLE_IDENTIFIER = "co.codibyte.Lisu-Keyboard";
				PRODUCT_NAME = "$(TARGET_NAME)";
				SWIFT_EMIT_LOC_STRINGS = YES;
				SWIFT_VERSION = 5.0;
				TARGETED_DEVICE_FAMILY = "1,2";
			};
			name = Release;
		};
		D98010DF2D3669040037A0DD /* Debug */ = {
			isa = XCBuildConfiguration;
			buildSettings = {
				BUNDLE_LOADER = "$(TEST_HOST)";
				CODE_SIGN_STYLE = Automatic;
				CURRENT_PROJECT_VERSION = 1;
				DEVELOPMENT_TEAM = B88283P8VG;
				GENERATE_INFOPLIST_FILE = YES;
				IPHONEOS_DEPLOYMENT_TARGET = 18.2;
				MARKETING_VERSION = 1.0;
				PRODUCT_BUNDLE_IDENTIFIER = "co.codibyte.Lisu-KeyboardTests";
				PRODUCT_NAME = "$(TARGET_NAME)";
				SWIFT_EMIT_LOC_STRINGS = NO;
				SWIFT_VERSION = 5.0;
				TARGETED_DEVICE_FAMILY = "1,2";
				TEST_HOST = "$(BUILT_PRODUCTS_DIR)/Lisu Keyboard.app/$(BUNDLE_EXECUTABLE_FOLDER_PATH)/Lisu Keyboard";
			};
			name = Debug;
		};
		D98010E02D3669040037A0DD /* Release */ = {
			isa = XCBuildConfiguration;
			buildSettings = {
				BUNDLE_LOADER = "$(TEST_HOST)";
				CODE_SIGN_STYLE = Automatic;
				CURRENT_PROJECT_VERSION = 1;
				DEVELOPMENT_TEAM = B88283P8VG;
				GENERATE_INFOPLIST_FILE = YES;
				IPHONEOS_DEPLOYMENT_TARGET = 18.2;
				MARKETING_VERSION = 1.0;
				PRODUCT_BUNDLE_IDENTIFIER = "co.codibyte.Lisu-KeyboardTests";
				PRODUCT_NAME = "$(TARGET_NAME)";
				SWIFT_EMIT_LOC_STRINGS = NO;
				SWIFT_VERSION = 5.0;
				TARGETED_DEVICE_FAMILY = "1,2";
				TEST_HOST = "$(BUILT_PRODUCTS_DIR)/Lisu Keyboard.app/$(BUNDLE_EXECUTABLE_FOLDER_PATH)/Lisu Keyboard";
			};
			name = Release;
		};
		D98010E22D3669040037A0DD /* Debug */ = {
			isa = XCBuildConfiguration;
			buildSettings = {
				CODE_SIGN_STYLE = Automatic;
				CURRENT_PROJECT_VERSION = 1;
				DEVELOPMENT_TEAM = B88283P8VG;
				GENERATE_INFOPLIST_FILE = YES;
				MARKETING_VERSION = 1.0;
				PRODUCT_BUNDLE_IDENTIFIER = "co.codibyte.Lisu-KeyboardUITests";
				PRODUCT_NAME = "$(TARGET_NAME)";
				SWIFT_EMIT_LOC_STRINGS = NO;
				SWIFT_VERSION = 5.0;
				TARGETED_DEVICE_FAMILY = "1,2";
				TEST_TARGET_NAME = "Lisu Keyboard";
			};
			name = Debug;
		};
		D98010E32D3669040037A0DD /* Release */ = {
			isa = XCBuildConfiguration;
			buildSettings = {
				CODE_SIGN_STYLE = Automatic;
				CURRENT_PROJECT_VERSION = 1;
				DEVELOPMENT_TEAM = B88283P8VG;
				GENERATE_INFOPLIST_FILE = YES;
				MARKETING_VERSION = 1.0;
				PRODUCT_BUNDLE_IDENTIFIER = "co.codibyte.Lisu-KeyboardUITests";
				PRODUCT_NAME = "$(TARGET_NAME)";
				SWIFT_EMIT_LOC_STRINGS = NO;
				SWIFT_VERSION = 5.0;
				TARGETED_DEVICE_FAMILY = "1,2";
				TEST_TARGET_NAME = "Lisu Keyboard";
			};
			name = Release;
		};
		D98010F22D3669200037A0DD /* Debug */ = {
			isa = XCBuildConfiguration;
			buildSettings = {
				CODE_SIGN_ENTITLEMENTS = Lisu/Lisu.entitlements;
				CODE_SIGN_STYLE = Automatic;
				CURRENT_PROJECT_VERSION = 3;
				DEVELOPMENT_TEAM = B88283P8VG;
				GENERATE_INFOPLIST_FILE = YES;
				INFOPLIST_FILE = Lisu/Info.plist;
				INFOPLIST_KEY_CFBundleDisplayName = Lisu;
				INFOPLIST_KEY_NSHumanReadableCopyright = "";
				LD_RUNPATH_SEARCH_PATHS = (
					"$(inherited)",
					"@executable_path/Frameworks",
					"@executable_path/../../Frameworks",
				);
				MARKETING_VERSION = 1.0;
				PRODUCT_BUNDLE_IDENTIFIER = "co.codibyte.Lisu-Keyboard.Lisu";
				PRODUCT_NAME = "$(TARGET_NAME)";
				SKIP_INSTALL = YES;
				SWIFT_EMIT_LOC_STRINGS = YES;
				SWIFT_VERSION = 5.0;
				TARGETED_DEVICE_FAMILY = "1,2";
			};
			name = Debug;
		};
		D98010F32D3669200037A0DD /* Release */ = {
			isa = XCBuildConfiguration;
			buildSettings = {
				CODE_SIGN_ENTITLEMENTS = Lisu/Lisu.entitlements;
				CODE_SIGN_STYLE = Automatic;
				CURRENT_PROJECT_VERSION = 3;
				DEVELOPMENT_TEAM = B88283P8VG;
				GENERATE_INFOPLIST_FILE = YES;
				INFOPLIST_FILE = Lisu/Info.plist;
				INFOPLIST_KEY_CFBundleDisplayName = Lisu;
				INFOPLIST_KEY_NSHumanReadableCopyright = "";
				LD_RUNPATH_SEARCH_PATHS = (
					"$(inherited)",
					"@executable_path/Frameworks",
					"@executable_path/../../Frameworks",
				);
				MARKETING_VERSION = 1.0;
				PRODUCT_BUNDLE_IDENTIFIER = "co.codibyte.Lisu-Keyboard.Lisu";
				PRODUCT_NAME = "$(TARGET_NAME)";
				SKIP_INSTALL = YES;
				SWIFT_EMIT_LOC_STRINGS = YES;
				SWIFT_VERSION = 5.0;
				TARGETED_DEVICE_FAMILY = "1,2";
			};
			name = Release;
		};
/* End XCBuildConfiguration section */

/* Begin XCConfigurationList section */
		D98010B22D3669010037A0DD /* Build configuration list for PBXProject "Lisu Keyboard" */ = {
			isa = XCConfigurationList;
			buildConfigurations = (
				D98010D92D3669040037A0DD /* Debug */,
				D98010DA2D3669040037A0DD /* Release */,
			);
			defaultConfigurationIsVisible = 0;
			defaultConfigurationName = Release;
		};
		D98010DB2D3669040037A0DD /* Build configuration list for PBXNativeTarget "Lisu Keyboard" */ = {
			isa = XCConfigurationList;
			buildConfigurations = (
				D98010DC2D3669040037A0DD /* Debug */,
				D98010DD2D3669040037A0DD /* Release */,
			);
			defaultConfigurationIsVisible = 0;
			defaultConfigurationName = Release;
		};
		D98010DE2D3669040037A0DD /* Build configuration list for PBXNativeTarget "Lisu KeyboardTests" */ = {
			isa = XCConfigurationList;
			buildConfigurations = (
				D98010DF2D3669040037A0DD /* Debug */,
				D98010E02D3669040037A0DD /* Release */,
			);
			defaultConfigurationIsVisible = 0;
			defaultConfigurationName = Release;
		};
		D98010E12D3669040037A0DD /* Build configuration list for PBXNativeTarget "Lisu KeyboardUITests" */ = {
			isa = XCConfigurationList;
			buildConfigurations = (
				D98010E22D3669040037A0DD /* Debug */,
				D98010E32D3669040037A0DD /* Release */,
			);
			defaultConfigurationIsVisible = 0;
			defaultConfigurationName = Release;
		};
		D98010F12D3669200037A0DD /* Build configuration list for PBXNativeTarget "Lisu" */ = {
			isa = XCConfigurationList;
			buildConfigurations = (
				D98010F22D3669200037A0DD /* Debug */,
				D98010F32D3669200037A0DD /* Release */,
			);
			defaultConfigurationIsVisible = 0;
			defaultConfigurationName = Release;
		};
/* End XCConfigurationList section */
	};
	rootObject = D98010AF2D3669010037A0DD /* Project object */;
}
